
Microsoft Visual Studio Solution File, Format Version 12.00
# Visual Studio 15
VisualStudioVersion = 15.0.28010.2050
MinimumVisualStudioVersion = 10.0.40219.1
Project("{FAE04EC0-301F-11D3-BF4B-00C04F79EFBC}") = "DigitalSignatureTest", "DigitalSignatureTest\DigitalSignatureTest.csproj", "{190921DC-849D-4BBE-9876-E0D1B3894E1A}"
EndProject
Global
	GlobalSection(SolutionConfigurationPlatforms) = preSolution
		Debug|Any CPU = Debug|Any CPU
		Release|Any CPU = Release|Any CPU
	EndGlobalSection
	GlobalSection(ProjectConfigurationPlatforms) = postSolution
		{190921DC-849D-4BBE-9876-E0D1B3894E1A}.Debug|Any CPU.ActiveCfg = Debug|Any CPU
		{190921DC-849D-4BBE-9876-E0D1B3894E1A}.Debug|Any CPU.Build.0 = Debug|Any CPU
		{190921DC-849D-4BBE-9876-E0D1B3894E1A}.Release|Any CPU.ActiveCfg = Release|Any CPU
		{190921DC-849D-4BBE-9876-E0D1B3894E1A}.Release|Any CPU.Build.0 = Release|Any CPU
	EndGlobalSection
	GlobalSection(SolutionProperties) = preSolution
		HideSolutionNode = FALSE
	EndGlobalSection
	GlobalSection(ExtensibilityGlobals) = postSolution
		SolutionGuid = {27EE934B-8A8F-4800-8D97-DBD23AAE5B8B}
	EndGlobalSection
EndGlobal
